// !$*UTF8*$!
{
	archiveVersion = 1;
	classes = {
	};
	objectVersion = 50;
	objects = {

/* Begin PBXBuildFile section */
		760AA24B20AB1BF3004EEA0B /* AppDelegate.swift in Sources */ = {isa = PBXBuildFile; fileRef = 760AA24A20AB1BF3004EEA0B /* AppDelegate.swift */; };
		760AA24D20AB1BF3004EEA0B /* ViewController.swift in Sources */ = {isa = PBXBuildFile; fileRef = 760AA24C20AB1BF3004EEA0B /* ViewController.swift */; };
		760AA25020AB1BF3004EEA0B /* Main.storyboard in Resources */ = {isa = PBXBuildFile; fileRef = 760AA24E20AB1BF3004EEA0B /* Main.storyboard */; };
		760AA25220AB1BF3004EEA0B /* Assets.xcassets in Resources */ = {isa = PBXBuildFile; fileRef = 760AA25120AB1BF3004EEA0B /* Assets.xcassets */; };
		760AA25520AB1BF3004EEA0B /* LaunchScreen.storyboard in Resources */ = {isa = PBXBuildFile; fileRef = 760AA25320AB1BF3004EEA0B /* LaunchScreen.storyboard */; };
		760AA25D20AB1DE0004EEA0B /* PopoverTableViewController.swift in Sources */ = {isa = PBXBuildFile; fileRef = 760AA25C20AB1DE0004EEA0B /* PopoverTableViewController.swift */; };
/* End PBXBuildFile section */

/* Begin PBXFileReference section */
		760AA24720AB1BF3004EEA0B /* DynamicPreferredContentSize.app */ = {isa = PBXFileReference; explicitFileType = wrapper.application; includeInIndex = 0; path = DynamicPreferredContentSize.app; sourceTree = BUILT_PRODUCTS_DIR; };
		760AA24A20AB1BF3004EEA0B /* AppDelegate.swift */ = {isa = PBXFileReference; lastKnownFileType = sourcecode.swift; path = AppDelegate.swift; sourceTree = "<group>"; };
		760AA24C20AB1BF3004EEA0B /* ViewController.swift */ = {isa = PBXFileReference; lastKnownFileType = sourcecode.swift; path = ViewController.swift; sourceTree = "<group>"; };
		760AA24F20AB1BF3004EEA0B /* Base */ = {isa = PBXFileReference; lastKnownFileType = file.storyboard; name = Base; path = Base.lproj/Main.storyboard; sourceTree = "<group>"; };
		760AA25120AB1BF3004EEA0B /* Assets.xcassets */ = {isa = PBXFileReference; lastKnownFileType = folder.assetcatalog; path = Assets.xcassets; sourceTree = "<group>"; };
		760AA25420AB1BF3004EEA0B /* Base */ = {isa = PBXFileReference; lastKnownFileType = file.storyboard; name = Base; path = Base.lproj/LaunchScreen.storyboard; sourceTree = "<group>"; };
		760AA25620AB1BF3004EEA0B /* Info.plist */ = {isa = PBXFileReference; lastKnownFileType = text.plist.xml; path = Info.plist; sourceTree = "<group>"; };
		760AA25C20AB1DE0004EEA0B /* PopoverTableViewController.swift */ = {isa = PBXFileReference; fileEncoding = 4; lastKnownFileType = sourcecode.swift; path = PopoverTableViewController.swift; sourceTree = "<group>"; };
/* End PBXFileReference section */

/* Begin PBXFrameworksBuildPhase section */
		760AA24420AB1BF3004EEA0B /* Frameworks */ = {
			isa = PBXFrameworksBuildPhase;
			buildActionMask = 2147483647;
			files = (
			);
			runOnlyForDeploymentPostprocessing = 0;
		};
/* End PBXFrameworksBuildPhase section */

/* Begin PBXGroup section */
		760AA23E20AB1BF3004EEA0B = {
			isa = PBXGroup;
			children = (
				760AA24920AB1BF3004EEA0B /* DynamicPreferredContentSize */,
				760AA24820AB1BF3004EEA0B /* Products */,
			);
			sourceTree = "<group>";
		};
		760AA24820AB1BF3004EEA0B /* Products */ = {
			isa = PBXGroup;
			children = (
				760AA24720AB1BF3004EEA0B /* DynamicPreferredContentSize.app */,
			);
			name = Products;
			sourceTree = "<group>";
		};
		760AA24920AB1BF3004EEA0B /* DynamicPreferredContentSize */ = {
			isa = PBXGroup;
			children = (
				760AA24A20AB1BF3004EEA0B /* AppDelegate.swift */,
				760AA24C20AB1BF3004EEA0B /* ViewController.swift */,
				760AA25C20AB1DE0004EEA0B /* PopoverTableViewController.swift */,
				760AA24E20AB1BF3004EEA0B /* Main.storyboard */,
				760AA25120AB1BF3004EEA0B /* Assets.xcassets */,
				760AA25320AB1BF3004EEA0B /* LaunchScreen.storyboard */,
				760AA25620AB1BF3004EEA0B /* Info.plist */,
			);
			path = DynamicPreferredContentSize;
			sourceTree = "<group>";
		};
/* End PBXGroup section */

/* Begin PBXNativeTarget section */
		760AA24620AB1BF3004EEA0B /* DynamicPreferredContentSize */ = {
			isa = PBXNativeTarget;
			buildConfigurationList = 760AA25920AB1BF3004EEA0B /* Build configuration list for PBXNativeTarget "DynamicPreferredContentSize" */;
			buildPhases = (
				760AA24320AB1BF3004EEA0B /* Sources */,
				760AA24420AB1BF3004EEA0B /* Frameworks */,
				760AA24520AB1BF3004EEA0B /* Resources */,
			);
			buildRules = (
			);
			dependencies = (
			);
			name = DynamicPreferredContentSize;
			productName = DynamicPreferredContentSize;
			productReference = 760AA24720AB1BF3004EEA0B /* DynamicPreferredContentSize.app */;
			productType = "com.apple.product-type.application";
		};
/* End PBXNativeTarget section */

/* Begin PBXProject section */
		760AA23F20AB1BF3004EEA0B /* Project object */ = {
			isa = PBXProject;
			attributes = {
				LastSwiftUpdateCheck = 0930;
				LastUpgradeCheck = 0930;
				ORGANIZATIONNAME = HackingGate;
				TargetAttributes = {
					760AA24620AB1BF3004EEA0B = {
						CreatedOnToolsVersion = 9.3;
					};
				};
			};
			buildConfigurationList = 760AA24220AB1BF3004EEA0B /* Build configuration list for PBXProject "DynamicPreferredContentSize" */;
			compatibilityVersion = "Xcode 9.3";
			developmentRegion = en;
			hasScannedForEncodings = 0;
			knownRegions = (
				en,
				Base,
			);
			mainGroup = 760AA23E20AB1BF3004EEA0B;
			productRefGroup = 760AA24820AB1BF3004EEA0B /* Products */;
			projectDirPath = "";
			projectRoot = "";
			targets = (
				760AA24620AB1BF3004EEA0B /* DynamicPreferredContentSize */,
			);
		};
/* End PBXProject section */

/* Begin PBXResourcesBuildPhase section */
		760AA24520AB1BF3004EEA0B /* Resources */ = {
			isa = PBXResourcesBuildPhase;
			buildActionMask = 2147483647;
			files = (
				760AA25520AB1BF3004EEA0B /* LaunchScreen.storyboard in Resources */,
				760AA25220AB1BF3004EEA0B /* Assets.xcassets in Resources */,
				760AA25020AB1BF3004EEA0B /* Main.storyboard in Resources */,
			);
			runOnlyForDeploymentPostprocessing = 0;
		};
/* End PBXResourcesBuildPhase section */

/* Begin PBXSourcesBuildPhase section */
		760AA24320AB1BF3004EEA0B /* Sources */ = {
			isa = PBXSourcesBuildPhase;
			buildActionMask = 2147483647;
			files = (
				760AA24D20AB1BF3004EEA0B /* ViewController.swift in Sources */,
				760AA25D20AB1DE0004EEA0B /* PopoverTableViewController.swift in Sources */,
				760AA24B20AB1BF3004EEA0B /* AppDelegate.swift in Sources */,
			);
			runOnlyForDeploymentPostprocessing = 0;
		};
/* End PBXSourcesBuildPhase section */

/* Begin PBXVariantGroup section */
		760AA24E20AB1BF3004EEA0B /* Main.storyboard */ = {
			isa = PBXVariantGroup;
			children = (
				760AA24F20AB1BF3004EEA0B /* Base */,
			);
			name = Main.storyboard;
			sourceTree = "<group>";
		};
		760AA25320AB1BF3004EEA0B /* LaunchScreen.storyboard */ = {
			isa = PBXVariantGroup;
			children = (
				760AA25420AB1BF3004EEA0B /* Base */,
			);
			name = LaunchScreen.storyboard;
			sourceTree = "<group>";
		};
/* End PBXVariantGroup section */

/* Begin XCBuildConfiguration section */
		760AA25720AB1BF3004EEA0B /* Debug */ = {
			isa = XCBuildConfiguration;
			buildSettings = {
				ALWAYS_SEARCH_USER_PATHS = NO;
				CLANG_ANALYZER_NONNULL = YES;
				CLANG_ANALYZER_NUMBER_OBJECT_CONVERSION = YES_AGGRESSIVE;
				CLANG_CXX_LANGUAGE_STANDARD = "gnu++14";
				CLANG_CXX_LIBRARY = "libc++";
				CLANG_ENABLE_MODULES = YES;
				CLANG_ENABLE_OBJC_ARC = YES;
				CLANG_ENABLE_OBJC_WEAK = YES;
				CLANG_WARN_BLOCK_CAPTURE_AUTORELEASING = YES;
				CLANG_WARN_BOOL_CONVERSION = YES;
				CLANG_WARN_COMMA = YES;
				CLANG_WARN_CONSTANT_CONVERSION = YES;
				CLANG_WARN_DEPRECATED_OBJC_IMPLEMENTATIONS = YES;
				CLANG_WARN_DIRECT_OBJC_ISA_USAGE = YES_ERROR;
				CLANG_WARN_DOCUMENTATION_COMMENTS = YES;
				CLANG_WARN_EMPTY_BODY = YES;
				CLANG_WARN_ENUM_CONVERSION = YES;
				CLANG_WARN_INFINITE_RECURSION = YES;
				CLANG_WARN_INT_CONVERSION = YES;
				CLANG_WARN_NON_LITERAL_NULL_CONVERSION = YES;
				CLANG_WARN_OBJC_IMPLICIT_RETAIN_SELF = YES;
				CLANG_WARN_OBJC_LITERAL_CONVERSION = YES;
				CLANG_WARN_OBJC_ROOT_CLASS = YES_ERROR;
				CLANG_WARN_RANGE_LOOP_ANALYSIS = YES;
				CLANG_WARN_STRICT_PROTOTYPES = YES;
				CLANG_WARN_SUSPICIOUS_MOVE = YES;
				CLANG_WARN_UNGUARDED_AVAILABILITY = YES_AGGRESSIVE;
				CLANG_WARN_UNREACHABLE_CODE = YES;
				CLANG_WARN__DUPLICATE_METHOD_MATCH = YES;
				CODE_SIGN_IDENTITY = "iPhone Developer";
				COPY_PHASE_STRIP = NO;
				DEBUG_INFORMATION_FORMAT = dwarf;
				ENABLE_STRICT_OBJC_MSGSEND = YES;
				ENABLE_TESTABILITY = YES;
				GCC_C_LANGUAGE_STANDARD = gnu11;
				GCC_DYNAMIC_NO_PIC = NO;
				GCC_NO_COMMON_BLOCKS = YES;
				GCC_OPTIMIZATION_LEVEL = 0;
				GCC_PREPROCESSOR_DEFINITIONS = (
					"DEBUG=1",
					"$(inherited)",
				);
				GCC_WARN_64_TO_32_BIT_CONVERSION = YES;
				GCC_WARN_ABOUT_RETURN_TYPE = YES_ERROR;
				GCC_WARN_UNDECLARED_SELECTOR = YES;
				GCC_WARN_UNINITIALIZED_AUTOS = YES_AGGRESSIVE;
				GCC_WARN_UNUSED_FUNCTION = YES;
				GCC_WARN_UNUSED_VARIABLE = YES;
				IPHONEOS_DEPLOYMENT_TARGET = 11.3;
				MTL_ENABLE_DEBUG_INFO = YES;
				ONLY_ACTIVE_ARCH = YES;
				SDKROOT = iphoneos;
				SWIFT_ACTIVE_COMPILATION_CONDITIONS = DEBUG;
				SWIFT_OPTIMIZATION_LEVEL = "-Onone";
			};
			name = Debug;
		};
		760AA25820AB1BF3004EEA0B /* Release */ = {
			isa = XCBuildConfiguration;
			buildSettings = {
				ALWAYS_SEARCH_USER_PATHS = NO;
				CLANG_ANALYZER_NONNULL = YES;
				CLANG_ANALYZER_NUMBER_OBJECT_CONVERSION = YES_AGGRESSIVE;
				CLANG_CXX_LANGUAGE_STANDARD = "gnu++14";
				CLANG_CXX_LIBRARY = "libc++";
				CLANG_ENABLE_MODULES = YES;
				CLANG_ENABLE_OBJC_ARC = YES;
				CLANG_ENABLE_OBJC_WEAK = YES;
				CLANG_WARN_BLOCK_CAPTURE_AUTORELEASING = YES;
				CLANG_WARN_BOOL_CONVERSION = YES;
				CLANG_WARN_COMMA = YES;
				CLANG_WARN_CONSTANT_CONVERSION = YES;
				CLANG_WARN_DEPRECATED_OBJC_IMPLEMENTATIONS = YES;
				CLANG_WARN_DIRECT_OBJC_ISA_USAGE = YES_ERROR;
				CLANG_WARN_DOCUMENTATION_COMMENTS = YES;
				CLANG_WARN_EMPTY_BODY = YES;
				CLANG_WARN_ENUM_CONVERSION = YES;
				CLANG_WARN_INFINITE_RECURSION = YES;
				CLANG_WARN_INT_CONVERSION = YES;
				CLANG_WARN_NON_LITERAL_NULL_CONVERSION = YES;
				CLANG_WARN_OBJC_IMPLICIT_RETAIN_SELF = YES;
				CLANG_WARN_OBJC_LITERAL_CONVERSION = YES;
				CLANG_WARN_OBJC_ROOT_CLASS = YES_ERROR;
				CLANG_WARN_RANGE_LOOP_ANALYSIS = YES;
				CLANG_WARN_STRICT_PROTOTYPES = YES;
				CLANG_WARN_SUSPICIOUS_MOVE = YES;
				CLANG_WARN_UNGUARDED_AVAILABILITY = YES_AGGRESSIVE;
				CLANG_WARN_UNREACHABLE_CODE = YES;
				CLANG_WARN__DUPLICATE_METHOD_MATCH = YES;
				CODE_SIGN_IDENTITY = "iPhone Developer";
				COPY_PHASE_STRIP = NO;
				DEBUG_INFORMATION_FORMAT = "dwarf-with-dsym";
				ENABLE_NS_ASSERTIONS = NO;
				ENABLE_STRICT_OBJC_MSGSEND = YES;
				GCC_C_LANGUAGE_STANDARD = gnu11;
				GCC_NO_COMMON_BLOCKS = YES;
				GCC_WARN_64_TO_32_BIT_CONVERSION = YES;
				GCC_WARN_ABOUT_RETURN_TYPE = YES_ERROR;
				GCC_WARN_UNDECLARED_SELECTOR = YES;
				GCC_WARN_UNINITIALIZED_AUTOS = YES_AGGRESSIVE;
				GCC_WARN_UNUSED_FUNCTION = YES;
				GCC_WARN_UNUSED_VARIABLE = YES;
				IPHONEOS_DEPLOYMENT_TARGET = 11.3;
				MTL_ENABLE_DEBUG_INFO = NO;
				SDKROOT = iphoneos;
				SWIFT_COMPILATION_MODE = wholemodule;
				SWIFT_OPTIMIZATION_LEVEL = "-O";
				VALIDATE_PRODUCT = YES;
			};
			name = Release;
		};
		760AA25A20AB1BF3004EEA0B /* Debug */ = {
			isa = XCBuildConfiguration;
			buildSettings = {
				ASSETCATALOG_COMPILER_APPICON_NAME = AppIcon;
				CODE_SIGN_STYLE = Automatic;
				INFOPLIST_FILE = DynamicPreferredContentSize/Info.plist;
				LD_RUNPATH_SEARCH_PATHS = (
					"$(inherited)",
					"@executable_path/Frameworks",
				);
				PRODUCT_BUNDLE_IDENTIFIER = com.hackinggate.DynamicPreferredContentSize;
				PRODUCT_NAME = "$(TARGET_NAME)";
				SWIFT_VERSION = 4.0;
				TARGETED_DEVICE_FAMILY = "1,2";
			};
			name = Debug;
		};
		760AA25B20AB1BF3004EEA0B /* Release */ = {
			isa = XCBuildConfiguration;
			buildSettings = {
				ASSETCATALOG_COMPILER_APPICON_NAME = AppIcon;
				CODE_SIGN_STYLE = Automatic;
				INFOPLIST_FILE = DynamicPreferredContentSize/Info.plist;
				LD_RUNPATH_SEARCH_PATHS = (
					"$(inherited)",
					"@executable_path/Frameworks",
				);
				PRODUCT_BUNDLE_IDENTIFIER = com.hackinggate.DynamicPreferredContentSize;
				PRODUCT_NAME = "$(TARGET_NAME)";
				SWIFT_VERSION = 4.0;
				TARGETED_DEVICE_FAMILY = "1,2";
			};
			name = Release;
		};
/* End XCBuildConfiguration section */

/* Begin XCConfigurationList section */
		760AA24220AB1BF3004EEA0B /* Build configuration list for PBXProject "DynamicPreferredContentSize" */ = {
			isa = XCConfigurationList;
			buildConfigurations = (
				760AA25720AB1BF3004EEA0B /* Debug */,
				760AA25820AB1BF3004EEA0B /* Release */,
			);
			defaultConfigurationIsVisible = 0;
			defaultConfigurationName = Release;
		};
		760AA25920AB1BF3004EEA0B /* Build configuration list for PBXNativeTarget "DynamicPreferredContentSize" */ = {
			isa = XCConfigurationList;
			buildConfigurations = (
				760AA25A20AB1BF3004EEA0B /* Debug */,
				760AA25B20AB1BF3004EEA0B /* Release */,
			);
			defaultConfigurationIsVisible = 0;
			defaultConfigurationName = Release;
		};
/* End XCConfigurationList section */
	};
	rootObject = 760AA23F20AB1BF3004EEA0B /* Project object */;
}
